
Microsoft Visual Studio Solution File, Format Version 12.00
# Visual Studio 14
VisualStudioVersion = 14.0.25420.1
MinimumVisualStudioVersion = 10.0.40219.1
Project("{FAE04EC0-301F-11D3-BF4B-00C04F79EFBC}") = "Variable", "Variable\Variable.csproj", "{AA6E86FC-D7DA-4F10-B904-B1480437EBC3}"
EndProject
Project("{FAE04EC0-301F-11D3-BF4B-00C04F79EFBC}") = "ExpressionsAndOperators", "..\ExpressionsAndOperators\ExpressionsAndOperators.csproj", "{C5873B66-75CF-4295-8DC0-8B7F37AF094A}"
EndProject
Project("{FAE04EC0-301F-11D3-BF4B-00C04F79EFBC}") = "ControlFlowDecision", "..\ControlFlowDecision\ControlFlowDecision.csproj", "{B797C29B-A66E-4513-973C-2C57C6974DAF}"
EndProject
Project("{FAE04EC0-301F-11D3-BF4B-00C04F79EFBC}") = "LoopingWhile", "..\LoopingWhile\LoopingWhile.csproj", "{D917620C-9011-481E-84CB-3AD3C3EF99A7}"
EndProject
Project("{FAE04EC0-301F-11D3-BF4B-00C04F79EFBC}") = "LoopingDoWhile", "..\LoopingDoWhile\LoopingDoWhile.csproj", "{FA71AED7-925A-4F45-AC4F-C9D1D6CC0024}"
EndProject
Project("{FAE04EC0-301F-11D3-BF4B-00C04F79EFBC}") = "LoopingFor", "..\LoopingFor\LoopingFor.csproj", "{9691EA0F-70E3-4422-8E3E-11B3FA8A48AA}"
EndProject
Global
	GlobalSection(SolutionConfigurationPlatforms) = preSolution
		Debug|Any CPU = Debug|Any CPU
		Release|Any CPU = Release|Any CPU
	EndGlobalSection
	GlobalSection(ProjectConfigurationPlatforms) = postSolution
		{AA6E86FC-D7DA-4F10-B904-B1480437EBC3}.Debug|Any CPU.ActiveCfg = Debug|Any CPU
		{AA6E86FC-D7DA-4F10-B904-B1480437EBC3}.Debug|Any CPU.Build.0 = Debug|Any CPU
		{AA6E86FC-D7DA-4F10-B904-B1480437EBC3}.Release|Any CPU.ActiveCfg = Release|Any CPU
		{AA6E86FC-D7DA-4F10-B904-B1480437EBC3}.Release|Any CPU.Build.0 = Release|Any CPU
		{C5873B66-75CF-4295-8DC0-8B7F37AF094A}.Debug|Any CPU.ActiveCfg = Debug|Any CPU
		{C5873B66-75CF-4295-8DC0-8B7F37AF094A}.Debug|Any CPU.Build.0 = Debug|Any CPU
		{C5873B66-75CF-4295-8DC0-8B7F37AF094A}.Release|Any CPU.ActiveCfg = Release|Any CPU
		{C5873B66-75CF-4295-8DC0-8B7F37AF094A}.Release|Any CPU.Build.0 = Release|Any CPU
		{B797C29B-A66E-4513-973C-2C57C6974DAF}.Debug|Any CPU.ActiveCfg = Debug|Any CPU
		{B797C29B-A66E-4513-973C-2C57C6974DAF}.Debug|Any CPU.Build.0 = Debug|Any CPU
		{B797C29B-A66E-4513-973C-2C57C6974DAF}.Release|Any CPU.ActiveCfg = Release|Any CPU
		{B797C29B-A66E-4513-973C-2C57C6974DAF}.Release|Any CPU.Build.0 = Release|Any CPU
		{D917620C-9011-481E-84CB-3AD3C3EF99A7}.Debug|Any CPU.ActiveCfg = Debug|Any CPU
		{D917620C-9011-481E-84CB-3AD3C3EF99A7}.Debug|Any CPU.Build.0 = Debug|Any CPU
		{D917620C-9011-481E-84CB-3AD3C3EF99A7}.Release|Any CPU.ActiveCfg = Release|Any CPU
		{D917620C-9011-481E-84CB-3AD3C3EF99A7}.Release|Any CPU.Build.0 = Release|Any CPU
		{FA71AED7-925A-4F45-AC4F-C9D1D6CC0024}.Debug|Any CPU.ActiveCfg = Debug|Any CPU
		{FA71AED7-925A-4F45-AC4F-C9D1D6CC0024}.Debug|Any CPU.Build.0 = Debug|Any CPU
		{FA71AED7-925A-4F45-AC4F-C9D1D6CC0024}.Release|Any CPU.ActiveCfg = Release|Any CPU
		{FA71AED7-925A-4F45-AC4F-C9D1D6CC0024}.Release|Any CPU.Build.0 = Release|Any CPU
		{9691EA0F-70E3-4422-8E3E-11B3FA8A48AA}.Debug|Any CPU.ActiveCfg = Debug|Any CPU
		{9691EA0F-70E3-4422-8E3E-11B3FA8A48AA}.Debug|Any CPU.Build.0 = Debug|Any CPU
		{9691EA0F-70E3-4422-8E3E-11B3FA8A48AA}.Release|Any CPU.ActiveCfg = Release|Any CPU
		{9691EA0F-70E3-4422-8E3E-11B3FA8A48AA}.Release|Any CPU.Build.0 = Release|Any CPU
	EndGlobalSection
	GlobalSection(SolutionProperties) = preSolution
		HideSolutionNode = FALSE
	EndGlobalSection
EndGlobal
